
Microsoft Visual Studio Solution File, Format Version 12.00
# Visual Studio Version 17
VisualStudioVersion = 17.14.36429.23 d17.14
MinimumVisualStudioVersion = 10.0.40219.1
Project("{8BC9CEB8-8B4A-11D0-8D11-00A0C91BC942}") = "SlaeCalculator", "SlaeCalculator\SlaeCalculator.vcxproj", "{F478305F-2883-480C-BBFD-3C01F56B89D3}"
EndProject
Global
	GlobalSection(SolutionConfigurationPlatforms) = preSolution
		Debug|x64 = Debug|x64
		Debug|x86 = Debug|x86
		Release|x64 = Release|x64
		Release|x86 = Release|x86
	EndGlobalSection
	GlobalSection(ProjectConfigurationPlatforms) = postSolution
		{F478305F-2883-480C-BBFD-3C01F56B89D3}.Debug|x64.ActiveCfg = Debug|x64
		{F478305F-2883-480C-BBFD-3C01F56B89D3}.Debug|x64.Build.0 = Debug|x64
		{F478305F-2883-480C-BBFD-3C01F56B89D3}.Debug|x86.ActiveCfg = Debug|Win32
		{F478305F-2883-480C-BBFD-3C01F56B89D3}.Debug|x86.Build.0 = Debug|Win32
		{F478305F-2883-480C-BBFD-3C01F56B89D3}.Release|x64.ActiveCfg = Release|x64
		{F478305F-2883-480C-BBFD-3C01F56B89D3}.Release|x64.Build.0 = Release|x64
		{F478305F-2883-480C-BBFD-3C01F56B89D3}.Release|x86.ActiveCfg = Release|Win32
		{F478305F-2883-480C-BBFD-3C01F56B89D3}.Release|x86.Build.0 = Release|Win32
	EndGlobalSection
	GlobalSection(SolutionProperties) = preSolution
		HideSolutionNode = FALSE
	EndGlobalSection
	GlobalSection(ExtensibilityGlobals) = postSolution
		SolutionGuid = {B2DB3820-9292-4236-A9BB-044831953FAF}
	EndGlobalSection
EndGlobal
